git.tuleu.science/fort/libarke/src-go/arke v0.0.0-20190307132332-0d5e6ddd35af h1:zq6fFVeR69LMSAFRgg4HgQIpDXiNoItJXuGUI1/XwP0=
git.tuleu.science/fort/libarke/src-go/arke v0.0.0-20190307132332-0d5e6ddd35af/go.mod h1:iUgrLx0mFxulxRZTQcH/+Rx46TsPAT/4Xy2ici9Z0uU=
git.tuleu.science/fort/libarke/src-go/arke v0.0.0-20190315160845-74f6866405ad h1:UjPyanQ3aa57k79n0hapt00ci+OmzpatpjfIXqLV1bU=
git.tuleu.science/fort/libarke/src-go/arke v0.0.0-20190315160845-74f6866405ad/go.mod h1:iUgrLx0mFxulxRZTQcH/+Rx46TsPAT/4Xy2ici9Z0uU=
github.com/atuleu/golang-socketcan v0.1.3 h1:yf+pdK5yeUATgkgbBTB8qOjjZXA3TrnejRUXwSlVW3A=
github.com/atuleu/golang-socketcan v0.1.3/go.mod h1:K0cVB6d80dD70kgvSKVtS3Ue887mEkiUI5KPwkh8RKw=
github.com/cenkalti/backoff v2.1.1+incompatible h1:tKJnvO2kl0zmb/jA5UKAt4VoEVw1qxKWjE/Bpp46npY=
github.com/cenkalti/backoff v2.1.1+incompatible/go.mod h1:90ReRw6GdpyfrHakVjL/QHaoyV4aDUVVkXQJJJ3NXXM=
github.com/dgryski/go-lttb v0.0.0-20180810165845-318fcdf10a77 h1:iRnqZBF0a1hoOOjOdPKf+IxqlJZOas7A48j77RAc7Yg=
github.com/dgryski/go-lttb v0.0.0-20180810165845-318fcdf10a77/go.mod h1:Va5MyIzkU0rAM92tn3hb3Anb7oz7KcnixF49+2wOMe4=
github.com/golang/mock v1.2.0 h1:28o5sBqPkBsMGnC6b4MvE2TzSr5/AT4c/1fLqVGIwlk=
github.com/golang/mock v1.2.0/go.mod h1:oTYuIxOrZwtPieC+H1uAHpcLFnEyAGVDL/k47Jfbm0A=
github.com/gorilla/mux v1.7.0 h1:tOSd0UKHQd6urX6ApfOn4XdBMY6Sh1MfxV3kmaazO+U=
github.com/gorilla/mux v1.7.0/go.mod h1:1lud6UwP+6orDFRuTfBEV8e9/aOM/c4fVVCaMa2zaAs=
github.com/grandcat/zeroconf v0.0.0-20190118114326-c2d1b4121200 h1:RmT7MqTsQm7x1ck+3djifa9zYfJYL1t215LI/tSzBVU=
github.com/grandcat/zeroconf v0.0.0-20190118114326-c2d1b4121200/go.mod h1:YjKB0WsLXlMkO9p+wGTCoPIDGRJH0mz7E526PxkQVxI=
github.com/jessevdk/go-flags v1.4.0 h1:4IU2WS7AumrZ/40jfhf4QVDMsQwqA7VEHozFRrGARJA=
github.com/jessevdk/go-flags v1.4.0/go.mod h1:4FA24M0QyGHXBuZZK/XkWh8h0e1EYbRYJSGM75WSRxI=
github.com/jessevdk/go-flags v1.4.1-0.20181221193153-c0795c8afcf4 h1:xKkUL6QBojwguhKKetf1SocCAKqc6W7S/mGm9xEGllo=
github.com/jessevdk/go-flags v1.4.1-0.20181221193153-c0795c8afcf4/go.mod h1:4FA24M0QyGHXBuZZK/XkWh8h0e1EYbRYJSGM75WSRxI=
github.com/kr/pretty v0.1.0 h1:L/CwN0zerZDmRFUapSPitk6f+Q3+0za1rQkzVuMiMFI=
github.com/kr/pretty v0.1.0/go.mod h1:dAy3ld7l9f0ibDNOQOHHMYYIIbhfbHSm3C4ZsoJORNo=
github.com/kr/pty v1.1.1/go.mod h1:pFQYn66WHrOpPYNljwOMqo10TkYh1fy3cYio2l3bCsQ=
github.com/kr/pty v1.1.3/go.mod h1:pFQYn66WHrOpPYNljwOMqo10TkYh1fy3cYio2l3bCsQ=
github.com/kr/text v0.1.0 h1:45sCR5RtlFHMR4UwH9sdQ5TC8v0qDQCHnXt+kaKSTVE=
github.com/kr/text v0.1.0/go.mod h1:4Jbv+DJW3UT/LiOwJeYQe1efqtUx/iVham/4vfdArNI=
github.com/miekg/dns v1.1.6 h1:jVwb4GDwD65q/gtItR/lIZHjNH93QfeGxZUkzJcW9mc=
github.com/miekg/dns v1.1.6/go.mod h1:W1PPwlIAgtquWBMBEV9nkV9Cazfe8ScdGz/Lj7v3Nrg=
golang.org/x/crypto v0.0.0-20190308221718-c2843e01d9a2 h1:VklqNMn3ovrHsnt90PveolxSbWFaJdECFbxSq0Mqo2M=
golang.org/x/crypto v0.0.0-20190308221718-c2843e01d9a2/go.mod h1:djNgcEr1/C05ACkg1iLfiJU5Ep61QUkGW8qpdssI0+w=
golang.org/x/net v0.0.0-20190313082753-5c2c250b6a70 h1:0OwHPyvXNyZS9VW4XXoGkWOwhrMN52Y4n/gSxvJOgj0=
golang.org/x/net v0.0.0-20190313082753-5c2c250b6a70/go.mod h1:t9HGtf8HONx5eT2rtn7q6eTqICYqUVnKs3thJo3Qplg=
golang.org/x/sys v0.0.0-20190130150945-aca44879d564 h1:o6ENHFwwr1TZ9CUPQcfo1HGvLP1OPsPOTB7xCIOPNmU=
golang.org/x/sys v0.0.0-20190130150945-aca44879d564/go.mod h1:STP8DvDyc/dI5b8T5hshtkjS+E42TnysNCUPdjciGhY=
golang.org/x/sys v0.0.0-20190215142949-d0b11bdaac8a h1:1BGLXjeY4akVXGgbC9HugT3Jv3hCI0z56oJR5vAMgBU=
golang.org/x/sys v0.0.0-20190215142949-d0b11bdaac8a/go.mod h1:STP8DvDyc/dI5b8T5hshtkjS+E42TnysNCUPdjciGhY=
golang.org/x/sys v0.0.0-20190312061237-fead79001313 h1:pczuHS43Cp2ktBEEmLwScxgjWsBSzdaQiKzUyf3DTTc=
golang.org/x/sys v0.0.0-20190312061237-fead79001313/go.mod h1:h1NjWce9XRLGQEsW7wpKNCjG9DtNlClVuFLEZdDNbEs=
golang.org/x/text v0.3.0/go.mod h1:NqM8EUOU14njkJ3fqMW+pc6Ldnwhi/IjpwHt7yyuwOQ=
gopkg.in/check.v1 v0.0.0-20161208181325-20d25e280405/go.mod h1:Co6ibVJAznAaIkqp8huTwlJQCZ016jof/cbN4VW5Yz0=
gopkg.in/check.v1 v1.0.0-20180628173108-788fd7840127 h1:qIbj1fsPNlZgppZ+VLlY7N33q108Sa+fhmuc+sWQYwY=
gopkg.in/check.v1 v1.0.0-20180628173108-788fd7840127/go.mod h1:Co6ibVJAznAaIkqp8huTwlJQCZ016jof/cbN4VW5Yz0=
gopkg.in/yaml.v2 v2.2.2 h1:ZCJp+EgiOT7lHqUV2J862kp8Qj64Jo6az82+3Td9dZw=
gopkg.in/yaml.v2 v2.2.2/go.mod h1:hI93XBmqTisBFMUTm0b8Fm+jr3Dg1NNxqwp+5A1VGuI=
