git.tuleu.science/fort/libarke/src-go/arke v0.0.0-20190204140509-d3a870d39d4a h1:WmFAGHKBDZDHmJSe2qtzUWvnDhBvJ8nQq4MI3Nu1OBI=
git.tuleu.science/fort/libarke/src-go/arke v0.0.0-20190204140509-d3a870d39d4a/go.mod h1:2Plfqx3Tw8fIdqBoGrLDBlh7qkYyjGhY9fgjXizhHKE=
git.tuleu.science/fort/libarke/src-go/arke v0.0.0-20190211114713-0d6439b0c20a h1:nSFOrq1PUWjiunEoANZpAeffVzbDH3B8GJVFnmsfNls=
git.tuleu.science/fort/libarke/src-go/arke v0.0.0-20190211114713-0d6439b0c20a/go.mod h1:zwu4tm07zF/Du2g7l8DyViG3XUqV3XwIQpI+FR097F8=
github.com/atuleu/golang-socketcan v0.1.0 h1:LHQAmYuAQNCY07Rsw2ca5o8DGbcDE1M2w+7j/9TBYm8=
github.com/atuleu/golang-socketcan v0.1.0/go.mod h1:K0cVB6d80dD70kgvSKVtS3Ue887mEkiUI5KPwkh8RKw=
github.com/atuleu/golang-socketcan v0.1.1 h1:iu/HnUjEyiaUvXnNFXAXF4cZV9idzSrPizlMedCgiQc=
github.com/atuleu/golang-socketcan v0.1.1/go.mod h1:K0cVB6d80dD70kgvSKVtS3Ue887mEkiUI5KPwkh8RKw=
github.com/kr/pretty v0.1.0 h1:L/CwN0zerZDmRFUapSPitk6f+Q3+0za1rQkzVuMiMFI=
github.com/kr/pretty v0.1.0/go.mod h1:dAy3ld7l9f0ibDNOQOHHMYYIIbhfbHSm3C4ZsoJORNo=
github.com/kr/pty v1.1.1/go.mod h1:pFQYn66WHrOpPYNljwOMqo10TkYh1fy3cYio2l3bCsQ=
github.com/kr/pty v1.1.3/go.mod h1:pFQYn66WHrOpPYNljwOMqo10TkYh1fy3cYio2l3bCsQ=
github.com/kr/text v0.1.0 h1:45sCR5RtlFHMR4UwH9sdQ5TC8v0qDQCHnXt+kaKSTVE=
github.com/kr/text v0.1.0/go.mod h1:4Jbv+DJW3UT/LiOwJeYQe1efqtUx/iVham/4vfdArNI=
golang.org/x/sys v0.0.0-20190130150945-aca44879d564/go.mod h1:STP8DvDyc/dI5b8T5hshtkjS+E42TnysNCUPdjciGhY=
golang.org/x/sys v0.0.0-20190204203706-41f3e6584952 h1:FDfvYgoVsA7TTZSbgiqjAbfPbK47CNHdWl3h/PJtii0=
golang.org/x/sys v0.0.0-20190204203706-41f3e6584952/go.mod h1:STP8DvDyc/dI5b8T5hshtkjS+E42TnysNCUPdjciGhY=
golang.org/x/sys v0.0.0-20190209173611-3b5209105503 h1:5SvYFrOM3W8Mexn9/oA44Ji7vhXAZQ9hiP+1Q/DMrWg=
golang.org/x/sys v0.0.0-20190209173611-3b5209105503/go.mod h1:STP8DvDyc/dI5b8T5hshtkjS+E42TnysNCUPdjciGhY=
gopkg.in/check.v1 v0.0.0-20161208181325-20d25e280405/go.mod h1:Co6ibVJAznAaIkqp8huTwlJQCZ016jof/cbN4VW5Yz0=
gopkg.in/check.v1 v1.0.0-20180628173108-788fd7840127 h1:qIbj1fsPNlZgppZ+VLlY7N33q108Sa+fhmuc+sWQYwY=
gopkg.in/check.v1 v1.0.0-20180628173108-788fd7840127/go.mod h1:Co6ibVJAznAaIkqp8huTwlJQCZ016jof/cbN4VW5Yz0=
gopkg.in/yaml.v2 v2.2.2 h1:ZCJp+EgiOT7lHqUV2J862kp8Qj64Jo6az82+3Td9dZw=
gopkg.in/yaml.v2 v2.2.2/go.mod h1:hI93XBmqTisBFMUTm0b8Fm+jr3Dg1NNxqwp+5A1VGuI=
