git.tuleu.science/fort/libarke/src-go/arke v0.0.0-20190204140509-d3a870d39d4a h1:WmFAGHKBDZDHmJSe2qtzUWvnDhBvJ8nQq4MI3Nu1OBI=
git.tuleu.science/fort/libarke/src-go/arke v0.0.0-20190204140509-d3a870d39d4a/go.mod h1:2Plfqx3Tw8fIdqBoGrLDBlh7qkYyjGhY9fgjXizhHKE=
git.tuleu.science/fort/libarke/src-go/arke v0.0.0-20190211114713-0d6439b0c20a h1:nSFOrq1PUWjiunEoANZpAeffVzbDH3B8GJVFnmsfNls=
git.tuleu.science/fort/libarke/src-go/arke v0.0.0-20190211114713-0d6439b0c20a/go.mod h1:zwu4tm07zF/Du2g7l8DyViG3XUqV3XwIQpI+FR097F8=
git.tuleu.science/fort/libarke/src-go/arke v0.0.0-20190220095317-1b2f5eda58f1 h1:bkXS3d/n5qQuo98NBxdTO3ZF69eq3pHGaZKDTeIpo58=
git.tuleu.science/fort/libarke/src-go/arke v0.0.0-20190220095317-1b2f5eda58f1/go.mod h1:zwu4tm07zF/Du2g7l8DyViG3XUqV3XwIQpI+FR097F8=
git.tuleu.science/fort/libarke/src-go/arke v0.0.0-20190220095757-6e48445bccb0 h1:ly+MvQT+UTj6Jidc0mYXDRusIUAmj3SO+xl9nZtztG0=
git.tuleu.science/fort/libarke/src-go/arke v0.0.0-20190220095757-6e48445bccb0/go.mod h1:zwu4tm07zF/Du2g7l8DyViG3XUqV3XwIQpI+FR097F8=
git.tuleu.science/fort/libarke/src-go/arke v0.0.0-20190220101450-79a9e7df966d h1:+LOnsP90TcidItfE5WScpis3qKlWQWDlGCKhYlq/psA=
git.tuleu.science/fort/libarke/src-go/arke v0.0.0-20190220101450-79a9e7df966d/go.mod h1:nhT15D/Fu/TT58v3X0r+xWeK7B9H5O6oPdKVtuUmjo0=
git.tuleu.science/fort/libarke/src-go/arke v0.0.0-20190220101727-bcbe49699753 h1:ycTs5lfCP2ToEEu4QqHHd7LRVx/MhpJtnFwOKNLILoU=
git.tuleu.science/fort/libarke/src-go/arke v0.0.0-20190220101727-bcbe49699753/go.mod h1:nhT15D/Fu/TT58v3X0r+xWeK7B9H5O6oPdKVtuUmjo0=
git.tuleu.science/fort/libarke/src-go/arke v0.0.0-20190304155643-03228fa85606 h1:aJD1VidpC2muyhcwne4MK978GUb68E5L1UO2yv2nTUE=
git.tuleu.science/fort/libarke/src-go/arke v0.0.0-20190304155643-03228fa85606/go.mod h1:nhT15D/Fu/TT58v3X0r+xWeK7B9H5O6oPdKVtuUmjo0=
git.tuleu.science/fort/libarke/src-go/arke v0.0.0-20190305172951-b694579bfdad h1:vZpUBE0PKpAKEtDTVKzTJrvkwe8uItTNXJnZGaEKuZw=
git.tuleu.science/fort/libarke/src-go/arke v0.0.0-20190305172951-b694579bfdad/go.mod h1:nhT15D/Fu/TT58v3X0r+xWeK7B9H5O6oPdKVtuUmjo0=
github.com/atuleu/golang-socketcan v0.1.0 h1:LHQAmYuAQNCY07Rsw2ca5o8DGbcDE1M2w+7j/9TBYm8=
github.com/atuleu/golang-socketcan v0.1.0/go.mod h1:K0cVB6d80dD70kgvSKVtS3Ue887mEkiUI5KPwkh8RKw=
github.com/atuleu/golang-socketcan v0.1.1 h1:iu/HnUjEyiaUvXnNFXAXF4cZV9idzSrPizlMedCgiQc=
github.com/atuleu/golang-socketcan v0.1.1/go.mod h1:K0cVB6d80dD70kgvSKVtS3Ue887mEkiUI5KPwkh8RKw=
github.com/atuleu/golang-socketcan v0.1.2 h1:o14mTPMERHBcUBhnpfZmuIb4Iij3WWLHZTNTRuQ5zM8=
github.com/atuleu/golang-socketcan v0.1.2/go.mod h1:K0cVB6d80dD70kgvSKVtS3Ue887mEkiUI5KPwkh8RKw=
github.com/golang/mock v1.2.0 h1:28o5sBqPkBsMGnC6b4MvE2TzSr5/AT4c/1fLqVGIwlk=
github.com/golang/mock v1.2.0/go.mod h1:oTYuIxOrZwtPieC+H1uAHpcLFnEyAGVDL/k47Jfbm0A=
github.com/jessevdk/go-flags v1.4.0 h1:4IU2WS7AumrZ/40jfhf4QVDMsQwqA7VEHozFRrGARJA=
github.com/jessevdk/go-flags v1.4.0/go.mod h1:4FA24M0QyGHXBuZZK/XkWh8h0e1EYbRYJSGM75WSRxI=
github.com/kr/pretty v0.1.0 h1:L/CwN0zerZDmRFUapSPitk6f+Q3+0za1rQkzVuMiMFI=
github.com/kr/pretty v0.1.0/go.mod h1:dAy3ld7l9f0ibDNOQOHHMYYIIbhfbHSm3C4ZsoJORNo=
github.com/kr/pty v1.1.1/go.mod h1:pFQYn66WHrOpPYNljwOMqo10TkYh1fy3cYio2l3bCsQ=
github.com/kr/pty v1.1.3/go.mod h1:pFQYn66WHrOpPYNljwOMqo10TkYh1fy3cYio2l3bCsQ=
github.com/kr/text v0.1.0 h1:45sCR5RtlFHMR4UwH9sdQ5TC8v0qDQCHnXt+kaKSTVE=
github.com/kr/text v0.1.0/go.mod h1:4Jbv+DJW3UT/LiOwJeYQe1efqtUx/iVham/4vfdArNI=
golang.org/x/sys v0.0.0-20190130150945-aca44879d564/go.mod h1:STP8DvDyc/dI5b8T5hshtkjS+E42TnysNCUPdjciGhY=
golang.org/x/sys v0.0.0-20190204203706-41f3e6584952 h1:FDfvYgoVsA7TTZSbgiqjAbfPbK47CNHdWl3h/PJtii0=
golang.org/x/sys v0.0.0-20190204203706-41f3e6584952/go.mod h1:STP8DvDyc/dI5b8T5hshtkjS+E42TnysNCUPdjciGhY=
golang.org/x/sys v0.0.0-20190209173611-3b5209105503 h1:5SvYFrOM3W8Mexn9/oA44Ji7vhXAZQ9hiP+1Q/DMrWg=
golang.org/x/sys v0.0.0-20190209173611-3b5209105503/go.mod h1:STP8DvDyc/dI5b8T5hshtkjS+E42TnysNCUPdjciGhY=
golang.org/x/sys v0.0.0-20190219203350-90b0e4468f99 h1:mlL4HvR5ojTCLdWRydhoj7jto5SXLsxLc0b1r/3DNlE=
golang.org/x/sys v0.0.0-20190219203350-90b0e4468f99/go.mod h1:STP8DvDyc/dI5b8T5hshtkjS+E42TnysNCUPdjciGhY=
golang.org/x/sys v0.0.0-20190304154630-e844e0132e93 h1:LPi0ldc05TTVS4N83TB9bMr9rGVMD1sgUjyRf9GlYl4=
golang.org/x/sys v0.0.0-20190304154630-e844e0132e93/go.mod h1:STP8DvDyc/dI5b8T5hshtkjS+E42TnysNCUPdjciGhY=
golang.org/x/sys v0.0.0-20190305064518-30e92a19ae4a h1:wsSB0WNK6x5F2PxWYOQpGTzp/IH7X8V603VJwSXZUWc=
golang.org/x/sys v0.0.0-20190305064518-30e92a19ae4a/go.mod h1:STP8DvDyc/dI5b8T5hshtkjS+E42TnysNCUPdjciGhY=
gopkg.in/check.v1 v0.0.0-20161208181325-20d25e280405/go.mod h1:Co6ibVJAznAaIkqp8huTwlJQCZ016jof/cbN4VW5Yz0=
gopkg.in/check.v1 v1.0.0-20180628173108-788fd7840127 h1:qIbj1fsPNlZgppZ+VLlY7N33q108Sa+fhmuc+sWQYwY=
gopkg.in/check.v1 v1.0.0-20180628173108-788fd7840127/go.mod h1:Co6ibVJAznAaIkqp8huTwlJQCZ016jof/cbN4VW5Yz0=
gopkg.in/yaml.v2 v2.2.2 h1:ZCJp+EgiOT7lHqUV2J862kp8Qj64Jo6az82+3Td9dZw=
gopkg.in/yaml.v2 v2.2.2/go.mod h1:hI93XBmqTisBFMUTm0b8Fm+jr3Dg1NNxqwp+5A1VGuI=
